
Microsoft Visual Studio Solution File, Format Version 12.00
# Visual Studio Version 17
VisualStudioVersion = 17.9.34622.214
MinimumVisualStudioVersion = 10.0.40219.1
Project("{FAE04EC0-301F-11D3-BF4B-00C04F79EFBC}") = "Assignment-Debugging-And-Exception-Handling", "Assignment-Debugging-And-Exception-Handling\Assignment-Debugging-And-Exception-Handling.csproj", "{6FB641ED-7D0B-43C1-B87C-3609F83C8A67}"
EndProject
Global
	GlobalSection(SolutionConfigurationPlatforms) = preSolution
		Debug|Any CPU = Debug|Any CPU
		Release|Any CPU = Release|Any CPU
	EndGlobalSection
	GlobalSection(ProjectConfigurationPlatforms) = postSolution
		{6FB641ED-7D0B-43C1-B87C-3609F83C8A67}.Debug|Any CPU.ActiveCfg = Debug|Any CPU
		{6FB641ED-7D0B-43C1-B87C-3609F83C8A67}.Debug|Any CPU.Build.0 = Debug|Any CPU
		{6FB641ED-7D0B-43C1-B87C-3609F83C8A67}.Release|Any CPU.ActiveCfg = Release|Any CPU
		{6FB641ED-7D0B-43C1-B87C-3609F83C8A67}.Release|Any CPU.Build.0 = Release|Any CPU
	EndGlobalSection
	GlobalSection(SolutionProperties) = preSolution
		HideSolutionNode = FALSE
	EndGlobalSection
	GlobalSection(ExtensibilityGlobals) = postSolution
		SolutionGuid = {226E75F6-9B5E-40E6-969D-1DBC65E11877}
	EndGlobalSection
EndGlobal
