
Microsoft Visual Studio Solution File, Format Version 12.00
# Visual Studio Version 17
VisualStudioVersion = 17.9.34622.214
MinimumVisualStudioVersion = 10.0.40219.1
Project("{FAE04EC0-301F-11D3-BF4B-00C04F79EFBC}") = "Disposal-And-Garbage-Collection", "Disposal-And-Garbage-Collection\Disposal-And-Garbage-Collection.csproj", "{F67E7A82-3D10-496D-A07E-20316EA3CB2C}"
EndProject
Global
	GlobalSection(SolutionConfigurationPlatforms) = preSolution
		Debug|Any CPU = Debug|Any CPU
		Release|Any CPU = Release|Any CPU
	EndGlobalSection
	GlobalSection(ProjectConfigurationPlatforms) = postSolution
		{F67E7A82-3D10-496D-A07E-20316EA3CB2C}.Debug|Any CPU.ActiveCfg = Debug|Any CPU
		{F67E7A82-3D10-496D-A07E-20316EA3CB2C}.Debug|Any CPU.Build.0 = Debug|Any CPU
		{F67E7A82-3D10-496D-A07E-20316EA3CB2C}.Release|Any CPU.ActiveCfg = Release|Any CPU
		{F67E7A82-3D10-496D-A07E-20316EA3CB2C}.Release|Any CPU.Build.0 = Release|Any CPU
	EndGlobalSection
	GlobalSection(SolutionProperties) = preSolution
		HideSolutionNode = FALSE
	EndGlobalSection
	GlobalSection(ExtensibilityGlobals) = postSolution
		SolutionGuid = {4F6A57F2-E6B5-42B9-A2E7-99E331A0B03E}
	EndGlobalSection
EndGlobal
