
Microsoft Visual Studio Solution File, Format Version 12.00
# Visual Studio Version 17
VisualStudioVersion = 17.9.34622.214
MinimumVisualStudioVersion = 10.0.40219.1
Project("{FAE04EC0-301F-11D3-BF4B-00C04F79EFBC}") = "Assignment-Advanced-LINQ", "Assignment-Advanced-LINQ\Assignment-Advanced-LINQ.csproj", "{34792C43-2455-4FDE-AB2C-4A9E7938FE21}"
EndProject
Global
	GlobalSection(SolutionConfigurationPlatforms) = preSolution
		Debug|Any CPU = Debug|Any CPU
		Release|Any CPU = Release|Any CPU
	EndGlobalSection
	GlobalSection(ProjectConfigurationPlatforms) = postSolution
		{34792C43-2455-4FDE-AB2C-4A9E7938FE21}.Debug|Any CPU.ActiveCfg = Debug|Any CPU
		{34792C43-2455-4FDE-AB2C-4A9E7938FE21}.Debug|Any CPU.Build.0 = Debug|Any CPU
		{34792C43-2455-4FDE-AB2C-4A9E7938FE21}.Release|Any CPU.ActiveCfg = Release|Any CPU
		{34792C43-2455-4FDE-AB2C-4A9E7938FE21}.Release|Any CPU.Build.0 = Release|Any CPU
	EndGlobalSection
	GlobalSection(SolutionProperties) = preSolution
		HideSolutionNode = FALSE
	EndGlobalSection
	GlobalSection(ExtensibilityGlobals) = postSolution
		SolutionGuid = {2546E46C-D5B9-4E06-B115-BE7DD2E8251E}
	EndGlobalSection
EndGlobal
