
Microsoft Visual Studio Solution File, Format Version 12.00
# Visual Studio Version 17
VisualStudioVersion = 17.7.34202.233
MinimumVisualStudioVersion = 10.0.40219.1
Project("{FAE04EC0-301F-11D3-BF4B-00C04F79EFBC}") = "Assignment-C-Sharp-dot-NET-Basics", "Assignment-C-Sharp-dot-NET-Basics\Assignment-C-Sharp-dot-NET-Basics.csproj", "{0206364B-4CB3-43D8-BBFE-34F3665D471E}"
EndProject
Global
	GlobalSection(SolutionConfigurationPlatforms) = preSolution
		Debug|Any CPU = Debug|Any CPU
		Release|Any CPU = Release|Any CPU
	EndGlobalSection
	GlobalSection(ProjectConfigurationPlatforms) = postSolution
		{0206364B-4CB3-43D8-BBFE-34F3665D471E}.Debug|Any CPU.ActiveCfg = Debug|Any CPU
		{0206364B-4CB3-43D8-BBFE-34F3665D471E}.Debug|Any CPU.Build.0 = Debug|Any CPU
		{0206364B-4CB3-43D8-BBFE-34F3665D471E}.Release|Any CPU.ActiveCfg = Release|Any CPU
		{0206364B-4CB3-43D8-BBFE-34F3665D471E}.Release|Any CPU.Build.0 = Release|Any CPU
	EndGlobalSection
	GlobalSection(SolutionProperties) = preSolution
		HideSolutionNode = FALSE
	EndGlobalSection
	GlobalSection(ExtensibilityGlobals) = postSolution
		SolutionGuid = {FBF7C4E6-AFF9-4684-B723-DD18C07E75C6}
	EndGlobalSection
EndGlobal
